
Microsoft Visual Studio Solution File, Format Version 12.00
# Visual Studio Version 17
VisualStudioVersion = 17.3.32825.248
MinimumVisualStudioVersion = 10.0.40219.1
Project("{FAE04EC0-301F-11D3-BF4B-00C04F79EFBC}") = "ComicViewer2", "ComicViewer2.csproj", "{AF3E6411-FBBD-499F-9233-A8CE05251830}"
EndProject
Global
	GlobalSection(SolutionConfigurationPlatforms) = preSolution
		Debug|Any CPU = Debug|Any CPU
		Release|Any CPU = Release|Any CPU
	EndGlobalSection
	GlobalSection(ProjectConfigurationPlatforms) = postSolution
		{AF3E6411-FBBD-499F-9233-A8CE05251830}.Debug|Any CPU.ActiveCfg = Debug|Any CPU
		{AF3E6411-FBBD-499F-9233-A8CE05251830}.Debug|Any CPU.Build.0 = Debug|Any CPU
		{AF3E6411-FBBD-499F-9233-A8CE05251830}.Release|Any CPU.ActiveCfg = Release|Any CPU
		{AF3E6411-FBBD-499F-9233-A8CE05251830}.Release|Any CPU.Build.0 = Release|Any CPU
	EndGlobalSection
	GlobalSection(SolutionProperties) = preSolution
		HideSolutionNode = FALSE
	EndGlobalSection
	GlobalSection(ExtensibilityGlobals) = postSolution
		SolutionGuid = {7BAC58B3-6174-4842-81F2-32FD8AA33C8B}
	EndGlobalSection
EndGlobal
